// !$*UTF8*$!
{
	archiveVersion = 1;
	classes = {
	};
	objectVersion = 46;
	objects = {

/* Begin PBXBuildFile section */
		6E95994A1D07125B009852D4 /* AppDelegate.swift in Sources */ = {isa = PBXBuildFile; fileRef = 6E9599491D07125B009852D4 /* AppDelegate.swift */; };
		6E95994C1D07125B009852D4 /* ViewController.swift in Sources */ = {isa = PBXBuildFile; fileRef = 6E95994B1D07125B009852D4 /* ViewController.swift */; };
		6E95994F1D07125B009852D4 /* Main.storyboard in Resources */ = {isa = PBXBuildFile; fileRef = 6E95994D1D07125B009852D4 /* Main.storyboard */; };
		6E9599511D07125B009852D4 /* Assets.xcassets in Resources */ = {isa = PBXBuildFile; fileRef = 6E9599501D07125B009852D4 /* Assets.xcassets */; };
		6E9599541D07125B009852D4 /* LaunchScreen.storyboard in Resources */ = {isa = PBXBuildFile; fileRef = 6E9599521D07125B009852D4 /* LaunchScreen.storyboard */; };
		6E95995F1D07125B009852D4 /* PlaySound_02Tests.swift in Sources */ = {isa = PBXBuildFile; fileRef = 6E95995E1D07125B009852D4 /* PlaySound_02Tests.swift */; };
		6E95996A1D07125B009852D4 /* PlaySound_02UITests.swift in Sources */ = {isa = PBXBuildFile; fileRef = 6E9599691D07125B009852D4 /* PlaySound_02UITests.swift */; };
		6E9599781D071303009852D4 /* airplane1.mp3 in Resources */ = {isa = PBXBuildFile; fileRef = 6E9599771D071303009852D4 /* airplane1.mp3 */; };
/* End PBXBuildFile section */

/* Begin PBXContainerItemProxy section */
		6E95995B1D07125B009852D4 /* PBXContainerItemProxy */ = {
			isa = PBXContainerItemProxy;
			containerPortal = 6E95993E1D07125B009852D4 /* Project object */;
			proxyType = 1;
			remoteGlobalIDString = 6E9599451D07125B009852D4;
			remoteInfo = PlaySound_02;
		};
		6E9599661D07125B009852D4 /* PBXContainerItemProxy */ = {
			isa = PBXContainerItemProxy;
			containerPortal = 6E95993E1D07125B009852D4 /* Project object */;
			proxyType = 1;
			remoteGlobalIDString = 6E9599451D07125B009852D4;
			remoteInfo = PlaySound_02;
		};
/* End PBXContainerItemProxy section */

/* Begin PBXFileReference section */
		6E9599461D07125B009852D4 /* PlaySound_02.app */ = {isa = PBXFileReference; explicitFileType = wrapper.application; includeInIndex = 0; path = PlaySound_02.app; sourceTree = BUILT_PRODUCTS_DIR; };
		6E9599491D07125B009852D4 /* AppDelegate.swift */ = {isa = PBXFileReference; lastKnownFileType = sourcecode.swift; path = AppDelegate.swift; sourceTree = "<group>"; };
		6E95994B1D07125B009852D4 /* ViewController.swift */ = {isa = PBXFileReference; lastKnownFileType = sourcecode.swift; path = ViewController.swift; sourceTree = "<group>"; };
		6E95994E1D07125B009852D4 /* Base */ = {isa = PBXFileReference; lastKnownFileType = file.storyboard; name = Base; path = Base.lproj/Main.storyboard; sourceTree = "<group>"; };
		6E9599501D07125B009852D4 /* Assets.xcassets */ = {isa = PBXFileReference; lastKnownFileType = folder.assetcatalog; path = Assets.xcassets; sourceTree = "<group>"; };
		6E9599531D07125B009852D4 /* Base */ = {isa = PBXFileReference; lastKnownFileType = file.storyboard; name = Base; path = Base.lproj/LaunchScreen.storyboard; sourceTree = "<group>"; };
		6E9599551D07125B009852D4 /* Info.plist */ = {isa = PBXFileReference; lastKnownFileType = text.plist.xml; path = Info.plist; sourceTree = "<group>"; };
		6E95995A1D07125B009852D4 /* PlaySound_02Tests.xctest */ = {isa = PBXFileReference; explicitFileType = wrapper.cfbundle; includeInIndex = 0; path = PlaySound_02Tests.xctest; sourceTree = BUILT_PRODUCTS_DIR; };
		6E95995E1D07125B009852D4 /* PlaySound_02Tests.swift */ = {isa = PBXFileReference; lastKnownFileType = sourcecode.swift; path = PlaySound_02Tests.swift; sourceTree = "<group>"; };
		6E9599601D07125B009852D4 /* Info.plist */ = {isa = PBXFileReference; lastKnownFileType = text.plist.xml; path = Info.plist; sourceTree = "<group>"; };
		6E9599651D07125B009852D4 /* PlaySound_02UITests.xctest */ = {isa = PBXFileReference; explicitFileType = wrapper.cfbundle; includeInIndex = 0; path = PlaySound_02UITests.xctest; sourceTree = BUILT_PRODUCTS_DIR; };
		6E9599691D07125B009852D4 /* PlaySound_02UITests.swift */ = {isa = PBXFileReference; lastKnownFileType = sourcecode.swift; path = PlaySound_02UITests.swift; sourceTree = "<group>"; };
		6E95996B1D07125B009852D4 /* Info.plist */ = {isa = PBXFileReference; lastKnownFileType = text.plist.xml; path = Info.plist; sourceTree = "<group>"; };
		6E9599771D071303009852D4 /* airplane1.mp3 */ = {isa = PBXFileReference; lastKnownFileType = audio.mp3; name = airplane1.mp3; path = ../../../../Downloads/airplane1.mp3; sourceTree = "<group>"; };
/* End PBXFileReference section */

/* Begin PBXFrameworksBuildPhase section */
		6E9599431D07125B009852D4 /* Frameworks */ = {
			isa = PBXFrameworksBuildPhase;
			buildActionMask = 2147483647;
			files = (
			);
			runOnlyForDeploymentPostprocessing = 0;
		};
		6E9599571D07125B009852D4 /* Frameworks */ = {
			isa = PBXFrameworksBuildPhase;
			buildActionMask = 2147483647;
			files = (
			);
			runOnlyForDeploymentPostprocessing = 0;
		};
		6E9599621D07125B009852D4 /* Frameworks */ = {
			isa = PBXFrameworksBuildPhase;
			buildActionMask = 2147483647;
			files = (
			);
			runOnlyForDeploymentPostprocessing = 0;
		};
/* End PBXFrameworksBuildPhase section */

/* Begin PBXGroup section */
		6E95993D1D07125B009852D4 = {
			isa = PBXGroup;
			children = (
				6E9599481D07125B009852D4 /* PlaySound_02 */,
				6E95995D1D07125B009852D4 /* PlaySound_02Tests */,
				6E9599681D07125B009852D4 /* PlaySound_02UITests */,
				6E9599471D07125B009852D4 /* Products */,
			);
			sourceTree = "<group>";
		};
		6E9599471D07125B009852D4 /* Products */ = {
			isa = PBXGroup;
			children = (
				6E9599461D07125B009852D4 /* PlaySound_02.app */,
				6E95995A1D07125B009852D4 /* PlaySound_02Tests.xctest */,
				6E9599651D07125B009852D4 /* PlaySound_02UITests.xctest */,
			);
			name = Products;
			sourceTree = "<group>";
		};
		6E9599481D07125B009852D4 /* PlaySound_02 */ = {
			isa = PBXGroup;
			children = (
				6E9599771D071303009852D4 /* airplane1.mp3 */,
				6E9599491D07125B009852D4 /* AppDelegate.swift */,
				6E95994B1D07125B009852D4 /* ViewController.swift */,
				6E95994D1D07125B009852D4 /* Main.storyboard */,
				6E9599501D07125B009852D4 /* Assets.xcassets */,
				6E9599521D07125B009852D4 /* LaunchScreen.storyboard */,
				6E9599551D07125B009852D4 /* Info.plist */,
			);
			path = PlaySound_02;
			sourceTree = "<group>";
		};
		6E95995D1D07125B009852D4 /* PlaySound_02Tests */ = {
			isa = PBXGroup;
			children = (
				6E95995E1D07125B009852D4 /* PlaySound_02Tests.swift */,
				6E9599601D07125B009852D4 /* Info.plist */,
			);
			path = PlaySound_02Tests;
			sourceTree = "<group>";
		};
		6E9599681D07125B009852D4 /* PlaySound_02UITests */ = {
			isa = PBXGroup;
			children = (
				6E9599691D07125B009852D4 /* PlaySound_02UITests.swift */,
				6E95996B1D07125B009852D4 /* Info.plist */,
			);
			path = PlaySound_02UITests;
			sourceTree = "<group>";
		};
/* End PBXGroup section */

/* Begin PBXNativeTarget section */
		6E9599451D07125B009852D4 /* PlaySound_02 */ = {
			isa = PBXNativeTarget;
			buildConfigurationList = 6E95996E1D07125B009852D4 /* Build configuration list for PBXNativeTarget "PlaySound_02" */;
			buildPhases = (
				6E9599421D07125B009852D4 /* Sources */,
				6E9599431D07125B009852D4 /* Frameworks */,
				6E9599441D07125B009852D4 /* Resources */,
			);
			buildRules = (
			);
			dependencies = (
			);
			name = PlaySound_02;
			productName = PlaySound_02;
			productReference = 6E9599461D07125B009852D4 /* PlaySound_02.app */;
			productType = "com.apple.product-type.application";
		};
		6E9599591D07125B009852D4 /* PlaySound_02Tests */ = {
			isa = PBXNativeTarget;
			buildConfigurationList = 6E9599711D07125B009852D4 /* Build configuration list for PBXNativeTarget "PlaySound_02Tests" */;
			buildPhases = (
				6E9599561D07125B009852D4 /* Sources */,
				6E9599571D07125B009852D4 /* Frameworks */,
				6E9599581D07125B009852D4 /* Resources */,
			);
			buildRules = (
			);
			dependencies = (
				6E95995C1D07125B009852D4 /* PBXTargetDependency */,
			);
			name = PlaySound_02Tests;
			productName = PlaySound_02Tests;
			productReference = 6E95995A1D07125B009852D4 /* PlaySound_02Tests.xctest */;
			productType = "com.apple.product-type.bundle.unit-test";
		};
		6E9599641D07125B009852D4 /* PlaySound_02UITests */ = {
			isa = PBXNativeTarget;
			buildConfigurationList = 6E9599741D07125B009852D4 /* Build configuration list for PBXNativeTarget "PlaySound_02UITests" */;
			buildPhases = (
				6E9599611D07125B009852D4 /* Sources */,
				6E9599621D07125B009852D4 /* Frameworks */,
				6E9599631D07125B009852D4 /* Resources */,
			);
			buildRules = (
			);
			dependencies = (
				6E9599671D07125B009852D4 /* PBXTargetDependency */,
			);
			name = PlaySound_02UITests;
			productName = PlaySound_02UITests;
			productReference = 6E9599651D07125B009852D4 /* PlaySound_02UITests.xctest */;
			productType = "com.apple.product-type.bundle.ui-testing";
		};
/* End PBXNativeTarget section */

/* Begin PBXProject section */
		6E95993E1D07125B009852D4 /* Project object */ = {
			isa = PBXProject;
			attributes = {
				LastSwiftUpdateCheck = 0730;
				LastUpgradeCheck = 0730;
				ORGANIZATIONNAME = PlaySound;
				TargetAttributes = {
					6E9599451D07125B009852D4 = {
						CreatedOnToolsVersion = 7.3.1;
					};
					6E9599591D07125B009852D4 = {
						CreatedOnToolsVersion = 7.3.1;
						TestTargetID = 6E9599451D07125B009852D4;
					};
					6E9599641D07125B009852D4 = {
						CreatedOnToolsVersion = 7.3.1;
						TestTargetID = 6E9599451D07125B009852D4;
					};
				};
			};
			buildConfigurationList = 6E9599411D07125B009852D4 /* Build configuration list for PBXProject "PlaySound_02" */;
			compatibilityVersion = "Xcode 3.2";
			developmentRegion = English;
			hasScannedForEncodings = 0;
			knownRegions = (
				en,
				Base,
			);
			mainGroup = 6E95993D1D07125B009852D4;
			productRefGroup = 6E9599471D07125B009852D4 /* Products */;
			projectDirPath = "";
			projectRoot = "";
			targets = (
				6E9599451D07125B009852D4 /* PlaySound_02 */,
				6E9599591D07125B009852D4 /* PlaySound_02Tests */,
				6E9599641D07125B009852D4 /* PlaySound_02UITests */,
			);
		};
/* End PBXProject section */

/* Begin PBXResourcesBuildPhase section */
		6E9599441D07125B009852D4 /* Resources */ = {
			isa = PBXResourcesBuildPhase;
			buildActionMask = 2147483647;
			files = (
				6E9599781D071303009852D4 /* airplane1.mp3 in Resources */,
				6E9599541D07125B009852D4 /* LaunchScreen.storyboard in Resources */,
				6E9599511D07125B009852D4 /* Assets.xcassets in Resources */,
				6E95994F1D07125B009852D4 /* Main.storyboard in Resources */,
			);
			runOnlyForDeploymentPostprocessing = 0;
		};
		6E9599581D07125B009852D4 /* Resources */ = {
			isa = PBXResourcesBuildPhase;
			buildActionMask = 2147483647;
			files = (
			);
			runOnlyForDeploymentPostprocessing = 0;
		};
		6E9599631D07125B009852D4 /* Resources */ = {
			isa = PBXResourcesBuildPhase;
			buildActionMask = 2147483647;
			files = (
			);
			runOnlyForDeploymentPostprocessing = 0;
		};
/* End PBXResourcesBuildPhase section */

/* Begin PBXSourcesBuildPhase section */
		6E9599421D07125B009852D4 /* Sources */ = {
			isa = PBXSourcesBuildPhase;
			buildActionMask = 2147483647;
			files = (
				6E95994C1D07125B009852D4 /* ViewController.swift in Sources */,
				6E95994A1D07125B009852D4 /* AppDelegate.swift in Sources */,
			);
			runOnlyForDeploymentPostprocessing = 0;
		};
		6E9599561D07125B009852D4 /* Sources */ = {
			isa = PBXSourcesBuildPhase;
			buildActionMask = 2147483647;
			files = (
				6E95995F1D07125B009852D4 /* PlaySound_02Tests.swift in Sources */,
			);
			runOnlyForDeploymentPostprocessing = 0;
		};
		6E9599611D07125B009852D4 /* Sources */ = {
			isa = PBXSourcesBuildPhase;
			buildActionMask = 2147483647;
			files = (
				6E95996A1D07125B009852D4 /* PlaySound_02UITests.swift in Sources */,
			);
			runOnlyForDeploymentPostprocessing = 0;
		};
/* End PBXSourcesBuildPhase section */

/* Begin PBXTargetDependency section */
		6E95995C1D07125B009852D4 /* PBXTargetDependency */ = {
			isa = PBXTargetDependency;
			target = 6E9599451D07125B009852D4 /* PlaySound_02 */;
			targetProxy = 6E95995B1D07125B009852D4 /* PBXContainerItemProxy */;
		};
		6E9599671D07125B009852D4 /* PBXTargetDependency */ = {
			isa = PBXTargetDependency;
			target = 6E9599451D07125B009852D4 /* PlaySound_02 */;
			targetProxy = 6E9599661D07125B009852D4 /* PBXContainerItemProxy */;
		};
/* End PBXTargetDependency section */

/* Begin PBXVariantGroup section */
		6E95994D1D07125B009852D4 /* Main.storyboard */ = {
			isa = PBXVariantGroup;
			children = (
				6E95994E1D07125B009852D4 /* Base */,
			);
			name = Main.storyboard;
			sourceTree = "<group>";
		};
		6E9599521D07125B009852D4 /* LaunchScreen.storyboard */ = {
			isa = PBXVariantGroup;
			children = (
				6E9599531D07125B009852D4 /* Base */,
			);
			name = LaunchScreen.storyboard;
			sourceTree = "<group>";
		};
/* End PBXVariantGroup section */

/* Begin XCBuildConfiguration section */
		6E95996C1D07125B009852D4 /* Debug */ = {
			isa = XCBuildConfiguration;
			buildSettings = {
				ALWAYS_SEARCH_USER_PATHS = NO;
				CLANG_ANALYZER_NONNULL = YES;
				CLANG_CXX_LANGUAGE_STANDARD = "gnu++0x";
				CLANG_CXX_LIBRARY = "libc++";
				CLANG_ENABLE_MODULES = YES;
				CLANG_ENABLE_OBJC_ARC = YES;
				CLANG_WARN_BOOL_CONVERSION = YES;
				CLANG_WARN_CONSTANT_CONVERSION = YES;
				CLANG_WARN_DIRECT_OBJC_ISA_USAGE = YES_ERROR;
				CLANG_WARN_EMPTY_BODY = YES;
				CLANG_WARN_ENUM_CONVERSION = YES;
				CLANG_WARN_INT_CONVERSION = YES;
				CLANG_WARN_OBJC_ROOT_CLASS = YES_ERROR;
				CLANG_WARN_UNREACHABLE_CODE = YES;
				CLANG_WARN__DUPLICATE_METHOD_MATCH = YES;
				"CODE_SIGN_IDENTITY[sdk=iphoneos*]" = "iPhone Developer";
				COPY_PHASE_STRIP = NO;
				DEBUG_INFORMATION_FORMAT = dwarf;
				ENABLE_STRICT_OBJC_MSGSEND = YES;
				ENABLE_TESTABILITY = YES;
				GCC_C_LANGUAGE_STANDARD = gnu99;
				GCC_DYNAMIC_NO_PIC = NO;
				GCC_NO_COMMON_BLOCKS = YES;
				GCC_OPTIMIZATION_LEVEL = 0;
				GCC_PREPROCESSOR_DEFINITIONS = (
					"DEBUG=1",
					"$(inherited)",
				);
				GCC_WARN_64_TO_32_BIT_CONVERSION = YES;
				GCC_WARN_ABOUT_RETURN_TYPE = YES_ERROR;
				GCC_WARN_UNDECLARED_SELECTOR = YES;
				GCC_WARN_UNINITIALIZED_AUTOS = YES_AGGRESSIVE;
				GCC_WARN_UNUSED_FUNCTION = YES;
				GCC_WARN_UNUSED_VARIABLE = YES;
				IPHONEOS_DEPLOYMENT_TARGET = 9.3;
				MTL_ENABLE_DEBUG_INFO = YES;
				ONLY_ACTIVE_ARCH = YES;
				SDKROOT = iphoneos;
				SWIFT_OPTIMIZATION_LEVEL = "-Onone";
			};
			name = Debug;
		};
		6E95996D1D07125B009852D4 /* Release */ = {
			isa = XCBuildConfiguration;
			buildSettings = {
				ALWAYS_SEARCH_USER_PATHS = NO;
				CLANG_ANALYZER_NONNULL = YES;
				CLANG_CXX_LANGUAGE_STANDARD = "gnu++0x";
				CLANG_CXX_LIBRARY = "libc++";
				CLANG_ENABLE_MODULES = YES;
				CLANG_ENABLE_OBJC_ARC = YES;
				CLANG_WARN_BOOL_CONVERSION = YES;
				CLANG_WARN_CONSTANT_CONVERSION = YES;
				CLANG_WARN_DIRECT_OBJC_ISA_USAGE = YES_ERROR;
				CLANG_WARN_EMPTY_BODY = YES;
				CLANG_WARN_ENUM_CONVERSION = YES;
				CLANG_WARN_INT_CONVERSION = YES;
				CLANG_WARN_OBJC_ROOT_CLASS = YES_ERROR;
				CLANG_WARN_UNREACHABLE_CODE = YES;
				CLANG_WARN__DUPLICATE_METHOD_MATCH = YES;
				"CODE_SIGN_IDENTITY[sdk=iphoneos*]" = "iPhone Developer";
				COPY_PHASE_STRIP = NO;
				DEBUG_INFORMATION_FORMAT = "dwarf-with-dsym";
				ENABLE_NS_ASSERTIONS = NO;
				ENABLE_STRICT_OBJC_MSGSEND = YES;
				GCC_C_LANGUAGE_STANDARD = gnu99;
				GCC_NO_COMMON_BLOCKS = YES;
				GCC_WARN_64_TO_32_BIT_CONVERSION = YES;
				GCC_WARN_ABOUT_RETURN_TYPE = YES_ERROR;
				GCC_WARN_UNDECLARED_SELECTOR = YES;
				GCC_WARN_UNINITIALIZED_AUTOS = YES_AGGRESSIVE;
				GCC_WARN_UNUSED_FUNCTION = YES;
				GCC_WARN_UNUSED_VARIABLE = YES;
				IPHONEOS_DEPLOYMENT_TARGET = 9.3;
				MTL_ENABLE_DEBUG_INFO = NO;
				SDKROOT = iphoneos;
				VALIDATE_PRODUCT = YES;
			};
			name = Release;
		};
		6E95996F1D07125B009852D4 /* Debug */ = {
			isa = XCBuildConfiguration;
			buildSettings = {
				ASSETCATALOG_COMPILER_APPICON_NAME = AppIcon;
				INFOPLIST_FILE = PlaySound_02/Info.plist;
				LD_RUNPATH_SEARCH_PATHS = "$(inherited) @executable_path/Frameworks";
				PRODUCT_BUNDLE_IDENTIFIER = "com.PlaySound.PlaySound-02";
				PRODUCT_NAME = "$(TARGET_NAME)";
			};
			name = Debug;
		};
		6E9599701D07125B009852D4 /* Release */ = {
			isa = XCBuildConfiguration;
			buildSettings = {
				ASSETCATALOG_COMPILER_APPICON_NAME = AppIcon;
				INFOPLIST_FILE = PlaySound_02/Info.plist;
				LD_RUNPATH_SEARCH_PATHS = "$(inherited) @executable_path/Frameworks";
				PRODUCT_BUNDLE_IDENTIFIER = "com.PlaySound.PlaySound-02";
				PRODUCT_NAME = "$(TARGET_NAME)";
			};
			name = Release;
		};
		6E9599721D07125B009852D4 /* Debug */ = {
			isa = XCBuildConfiguration;
			buildSettings = {
				BUNDLE_LOADER = "$(TEST_HOST)";
				INFOPLIST_FILE = PlaySound_02Tests/Info.plist;
				LD_RUNPATH_SEARCH_PATHS = "$(inherited) @executable_path/Frameworks @loader_path/Frameworks";
				PRODUCT_BUNDLE_IDENTIFIER = "com.PlaySound.PlaySound-02Tests";
				PRODUCT_NAME = "$(TARGET_NAME)";
				TEST_HOST = "$(BUILT_PRODUCTS_DIR)/PlaySound_02.app/PlaySound_02";
			};
			name = Debug;
		};
		6E9599731D07125B009852D4 /* Release */ = {
			isa = XCBuildConfiguration;
			buildSettings = {
				BUNDLE_LOADER = "$(TEST_HOST)";
				INFOPLIST_FILE = PlaySound_02Tests/Info.plist;
				LD_RUNPATH_SEARCH_PATHS = "$(inherited) @executable_path/Frameworks @loader_path/Frameworks";
				PRODUCT_BUNDLE_IDENTIFIER = "com.PlaySound.PlaySound-02Tests";
				PRODUCT_NAME = "$(TARGET_NAME)";
				TEST_HOST = "$(BUILT_PRODUCTS_DIR)/PlaySound_02.app/PlaySound_02";
			};
			name = Release;
		};
		6E9599751D07125B009852D4 /* Debug */ = {
			isa = XCBuildConfiguration;
			buildSettings = {
				INFOPLIST_FILE = PlaySound_02UITests/Info.plist;
				LD_RUNPATH_SEARCH_PATHS = "$(inherited) @executable_path/Frameworks @loader_path/Frameworks";
				PRODUCT_BUNDLE_IDENTIFIER = "com.PlaySound.PlaySound-02UITests";
				PRODUCT_NAME = "$(TARGET_NAME)";
				TEST_TARGET_NAME = PlaySound_02;
			};
			name = Debug;
		};
		6E9599761D07125B009852D4 /* Release */ = {
			isa = XCBuildConfiguration;
			buildSettings = {
				INFOPLIST_FILE = PlaySound_02UITests/Info.plist;
				LD_RUNPATH_SEARCH_PATHS = "$(inherited) @executable_path/Frameworks @loader_path/Frameworks";
				PRODUCT_BUNDLE_IDENTIFIER = "com.PlaySound.PlaySound-02UITests";
				PRODUCT_NAME = "$(TARGET_NAME)";
				TEST_TARGET_NAME = PlaySound_02;
			};
			name = Release;
		};
/* End XCBuildConfiguration section */

/* Begin XCConfigurationList section */
		6E9599411D07125B009852D4 /* Build configuration list for PBXProject "PlaySound_02" */ = {
			isa = XCConfigurationList;
			buildConfigurations = (
				6E95996C1D07125B009852D4 /* Debug */,
				6E95996D1D07125B009852D4 /* Release */,
			);
			defaultConfigurationIsVisible = 0;
			defaultConfigurationName = Release;
		};
		6E95996E1D07125B009852D4 /* Build configuration list for PBXNativeTarget "PlaySound_02" */ = {
			isa = XCConfigurationList;
			buildConfigurations = (
				6E95996F1D07125B009852D4 /* Debug */,
				6E9599701D07125B009852D4 /* Release */,
			);
			defaultConfigurationIsVisible = 0;
		};
		6E9599711D07125B009852D4 /* Build configuration list for PBXNativeTarget "PlaySound_02Tests" */ = {
			isa = XCConfigurationList;
			buildConfigurations = (
				6E9599721D07125B009852D4 /* Debug */,
				6E9599731D07125B009852D4 /* Release */,
			);
			defaultConfigurationIsVisible = 0;
		};
		6E9599741D07125B009852D4 /* Build configuration list for PBXNativeTarget "PlaySound_02UITests" */ = {
			isa = XCConfigurationList;
			buildConfigurations = (
				6E9599751D07125B009852D4 /* Debug */,
				6E9599761D07125B009852D4 /* Release */,
			);
			defaultConfigurationIsVisible = 0;
		};
/* End XCConfigurationList section */
	};
	rootObject = 6E95993E1D07125B009852D4 /* Project object */;
}
